
Microsoft Visual Studio Solution File, Format Version 11.00
# Visual Studio 2010
Project("{FAE04EC0-301F-11D3-BF4B-00C04F79EFBC}") = "untiy ding", "Assembly-CSharp.csproj", "{9AC5F2D5-73BF-CC3A-2226-943A0A970F00}"
EndProject
Global
	GlobalSection(SolutionConfigurationPlatforms) = preSolution
		Debug|Any CPU = Debug|Any CPU
		Release|Any CPU = Release|Any CPU
	EndGlobalSection
	GlobalSection(ProjectConfigurationPlatforms) = postSolution
		{9AC5F2D5-73BF-CC3A-2226-943A0A970F00}.Debug|Any CPU.ActiveCfg = Debug|Any CPU
		{9AC5F2D5-73BF-CC3A-2226-943A0A970F00}.Debug|Any CPU.Build.0 = Debug|Any CPU
		{9AC5F2D5-73BF-CC3A-2226-943A0A970F00}.Release|Any CPU.ActiveCfg = Release|Any CPU
		{9AC5F2D5-73BF-CC3A-2226-943A0A970F00}.Release|Any CPU.Build.0 = Release|Any CPU
	EndGlobalSection
	GlobalSection(SolutionProperties) = preSolution
		HideSolutionNode = FALSE
	EndGlobalSection
	GlobalSection(MonoDevelopProperties) = preSolution
		StartupItem = Assembly-CSharp.csproj
	EndGlobalSection
EndGlobal
